// !$*UTF8*$!
{
	archiveVersion = 1;
	classes = {
	};
	objectVersion = 56;
	objects = {

/* Begin PBXBuildFile section */
		07A22DAD2A326AB2004E1332 /* ScrumdingerApp.swift in Sources */ = {isa = PBXBuildFile; fileRef = 07A22DAC2A326AB2004E1332 /* ScrumdingerApp.swift */; };
		07A22DAF2A326AB2004E1332 /* ContentView.swift in Sources */ = {isa = PBXBuildFile; fileRef = 07A22DAE2A326AB2004E1332 /* ContentView.swift */; };
		07A22DB12A326AB3004E1332 /* Assets.xcassets in Resources */ = {isa = PBXBuildFile; fileRef = 07A22DB02A326AB3004E1332 /* Assets.xcassets */; };
		07A22DB42A326AB3004E1332 /* Preview Assets.xcassets in Resources */ = {isa = PBXBuildFile; fileRef = 07A22DB32A326AB3004E1332 /* Preview Assets.xcassets */; };
		07A22DB62A326AB3004E1332 /* Persistence.swift in Sources */ = {isa = PBXBuildFile; fileRef = 07A22DB52A326AB3004E1332 /* Persistence.swift */; };
		07A22DB92A326AB3004E1332 /* Scrumdinger.xcdatamodeld in Sources */ = {isa = PBXBuildFile; fileRef = 07A22DB72A326AB3004E1332 /* Scrumdinger.xcdatamodeld */; };
		07A22DC42A326AB4004E1332 /* ScrumdingerTests.swift in Sources */ = {isa = PBXBuildFile; fileRef = 07A22DC32A326AB4004E1332 /* ScrumdingerTests.swift */; };
		07A22DCE2A326AB4004E1332 /* ScrumdingerUITests.swift in Sources */ = {isa = PBXBuildFile; fileRef = 07A22DCD2A326AB4004E1332 /* ScrumdingerUITests.swift */; };
		07A22DD02A326AB4004E1332 /* ScrumdingerUITestsLaunchTests.swift in Sources */ = {isa = PBXBuildFile; fileRef = 07A22DCF2A326AB4004E1332 /* ScrumdingerUITestsLaunchTests.swift */; };
/* End PBXBuildFile section */

/* Begin PBXContainerItemProxy section */
		07A22DC02A326AB4004E1332 /* PBXContainerItemProxy */ = {
			isa = PBXContainerItemProxy;
			containerPortal = 07A22DA12A326AB2004E1332 /* Project object */;
			proxyType = 1;
			remoteGlobalIDString = 07A22DA82A326AB2004E1332;
			remoteInfo = Scrumdinger;
		};
		07A22DCA2A326AB4004E1332 /* PBXContainerItemProxy */ = {
			isa = PBXContainerItemProxy;
			containerPortal = 07A22DA12A326AB2004E1332 /* Project object */;
			proxyType = 1;
			remoteGlobalIDString = 07A22DA82A326AB2004E1332;
			remoteInfo = Scrumdinger;
		};
/* End PBXContainerItemProxy section */

/* Begin PBXFileReference section */
		07A22DA92A326AB2004E1332 /* Scrumdinger.app */ = {isa = PBXFileReference; explicitFileType = wrapper.application; includeInIndex = 0; path = Scrumdinger.app; sourceTree = BUILT_PRODUCTS_DIR; };
		07A22DAC2A326AB2004E1332 /* ScrumdingerApp.swift */ = {isa = PBXFileReference; lastKnownFileType = sourcecode.swift; path = ScrumdingerApp.swift; sourceTree = "<group>"; };
		07A22DAE2A326AB2004E1332 /* ContentView.swift */ = {isa = PBXFileReference; lastKnownFileType = sourcecode.swift; path = ContentView.swift; sourceTree = "<group>"; };
		07A22DB02A326AB3004E1332 /* Assets.xcassets */ = {isa = PBXFileReference; lastKnownFileType = folder.assetcatalog; path = Assets.xcassets; sourceTree = "<group>"; };
		07A22DB32A326AB3004E1332 /* Preview Assets.xcassets */ = {isa = PBXFileReference; lastKnownFileType = folder.assetcatalog; path = "Preview Assets.xcassets"; sourceTree = "<group>"; };
		07A22DB52A326AB3004E1332 /* Persistence.swift */ = {isa = PBXFileReference; lastKnownFileType = sourcecode.swift; path = Persistence.swift; sourceTree = "<group>"; };
		07A22DB82A326AB3004E1332 /* Scrumdinger.xcdatamodel */ = {isa = PBXFileReference; lastKnownFileType = wrapper.xcdatamodel; path = Scrumdinger.xcdatamodel; sourceTree = "<group>"; };
		07A22DBA2A326AB3004E1332 /* Scrumdinger.entitlements */ = {isa = PBXFileReference; lastKnownFileType = text.plist.entitlements; path = Scrumdinger.entitlements; sourceTree = "<group>"; };
		07A22DBF2A326AB4004E1332 /* ScrumdingerTests.xctest */ = {isa = PBXFileReference; explicitFileType = wrapper.cfbundle; includeInIndex = 0; path = ScrumdingerTests.xctest; sourceTree = BUILT_PRODUCTS_DIR; };
		07A22DC32A326AB4004E1332 /* ScrumdingerTests.swift */ = {isa = PBXFileReference; lastKnownFileType = sourcecode.swift; path = ScrumdingerTests.swift; sourceTree = "<group>"; };
		07A22DC92A326AB4004E1332 /* ScrumdingerUITests.xctest */ = {isa = PBXFileReference; explicitFileType = wrapper.cfbundle; includeInIndex = 0; path = ScrumdingerUITests.xctest; sourceTree = BUILT_PRODUCTS_DIR; };
		07A22DCD2A326AB4004E1332 /* ScrumdingerUITests.swift */ = {isa = PBXFileReference; lastKnownFileType = sourcecode.swift; path = ScrumdingerUITests.swift; sourceTree = "<group>"; };
		07A22DCF2A326AB4004E1332 /* ScrumdingerUITestsLaunchTests.swift */ = {isa = PBXFileReference; lastKnownFileType = sourcecode.swift; path = ScrumdingerUITestsLaunchTests.swift; sourceTree = "<group>"; };
/* End PBXFileReference section */

/* Begin PBXFrameworksBuildPhase section */
		07A22DA62A326AB2004E1332 /* Frameworks */ = {
			isa = PBXFrameworksBuildPhase;
			buildActionMask = 2147483647;
			files = (
			);
			runOnlyForDeploymentPostprocessing = 0;
		};
		07A22DBC2A326AB4004E1332 /* Frameworks */ = {
			isa = PBXFrameworksBuildPhase;
			buildActionMask = 2147483647;
			files = (
			);
			runOnlyForDeploymentPostprocessing = 0;
		};
		07A22DC62A326AB4004E1332 /* Frameworks */ = {
			isa = PBXFrameworksBuildPhase;
			buildActionMask = 2147483647;
			files = (
			);
			runOnlyForDeploymentPostprocessing = 0;
		};
/* End PBXFrameworksBuildPhase section */

/* Begin PBXGroup section */
		07A22DA02A326AB2004E1332 = {
			isa = PBXGroup;
			children = (
				07A22DAB2A326AB2004E1332 /* Scrumdinger */,
				07A22DC22A326AB4004E1332 /* ScrumdingerTests */,
				07A22DCC2A326AB4004E1332 /* ScrumdingerUITests */,
				07A22DAA2A326AB2004E1332 /* Products */,
			);
			sourceTree = "<group>";
		};
		07A22DAA2A326AB2004E1332 /* Products */ = {
			isa = PBXGroup;
			children = (
				07A22DA92A326AB2004E1332 /* Scrumdinger.app */,
				07A22DBF2A326AB4004E1332 /* ScrumdingerTests.xctest */,
				07A22DC92A326AB4004E1332 /* ScrumdingerUITests.xctest */,
			);
			name = Products;
			sourceTree = "<group>";
		};
		07A22DAB2A326AB2004E1332 /* Scrumdinger */ = {
			isa = PBXGroup;
			children = (
				07A22DAC2A326AB2004E1332 /* ScrumdingerApp.swift */,
				07A22DAE2A326AB2004E1332 /* ContentView.swift */,
				07A22DB02A326AB3004E1332 /* Assets.xcassets */,
				07A22DB52A326AB3004E1332 /* Persistence.swift */,
				07A22DBA2A326AB3004E1332 /* Scrumdinger.entitlements */,
				07A22DB72A326AB3004E1332 /* Scrumdinger.xcdatamodeld */,
				07A22DB22A326AB3004E1332 /* Preview Content */,
			);
			path = Scrumdinger;
			sourceTree = "<group>";
		};
		07A22DB22A326AB3004E1332 /* Preview Content */ = {
			isa = PBXGroup;
			children = (
				07A22DB32A326AB3004E1332 /* Preview Assets.xcassets */,
			);
			path = "Preview Content";
			sourceTree = "<group>";
		};
		07A22DC22A326AB4004E1332 /* ScrumdingerTests */ = {
			isa = PBXGroup;
			children = (
				07A22DC32A326AB4004E1332 /* ScrumdingerTests.swift */,
			);
			path = ScrumdingerTests;
			sourceTree = "<group>";
		};
		07A22DCC2A326AB4004E1332 /* ScrumdingerUITests */ = {
			isa = PBXGroup;
			children = (
				07A22DCD2A326AB4004E1332 /* ScrumdingerUITests.swift */,
				07A22DCF2A326AB4004E1332 /* ScrumdingerUITestsLaunchTests.swift */,
			);
			path = ScrumdingerUITests;
			sourceTree = "<group>";
		};
/* End PBXGroup section */

/* Begin PBXNativeTarget section */
		07A22DA82A326AB2004E1332 /* Scrumdinger */ = {
			isa = PBXNativeTarget;
			buildConfigurationList = 07A22DD32A326AB4004E1332 /* Build configuration list for PBXNativeTarget "Scrumdinger" */;
			buildPhases = (
				07A22DA52A326AB2004E1332 /* Sources */,
				07A22DA62A326AB2004E1332 /* Frameworks */,
				07A22DA72A326AB2004E1332 /* Resources */,
			);
			buildRules = (
			);
			dependencies = (
			);
			name = Scrumdinger;
			productName = Scrumdinger;
			productReference = 07A22DA92A326AB2004E1332 /* Scrumdinger.app */;
			productType = "com.apple.product-type.application";
		};
		07A22DBE2A326AB4004E1332 /* ScrumdingerTests */ = {
			isa = PBXNativeTarget;
			buildConfigurationList = 07A22DD62A326AB4004E1332 /* Build configuration list for PBXNativeTarget "ScrumdingerTests" */;
			buildPhases = (
				07A22DBB2A326AB4004E1332 /* Sources */,
				07A22DBC2A326AB4004E1332 /* Frameworks */,
				07A22DBD2A326AB4004E1332 /* Resources */,
			);
			buildRules = (
			);
			dependencies = (
				07A22DC12A326AB4004E1332 /* PBXTargetDependency */,
			);
			name = ScrumdingerTests;
			productName = ScrumdingerTests;
			productReference = 07A22DBF2A326AB4004E1332 /* ScrumdingerTests.xctest */;
			productType = "com.apple.product-type.bundle.unit-test";
		};
		07A22DC82A326AB4004E1332 /* ScrumdingerUITests */ = {
			isa = PBXNativeTarget;
			buildConfigurationList = 07A22DD92A326AB4004E1332 /* Build configuration list for PBXNativeTarget "ScrumdingerUITests" */;
			buildPhases = (
				07A22DC52A326AB4004E1332 /* Sources */,
				07A22DC62A326AB4004E1332 /* Frameworks */,
				07A22DC72A326AB4004E1332 /* Resources */,
			);
			buildRules = (
			);
			dependencies = (
				07A22DCB2A326AB4004E1332 /* PBXTargetDependency */,
			);
			name = ScrumdingerUITests;
			productName = ScrumdingerUITests;
			productReference = 07A22DC92A326AB4004E1332 /* ScrumdingerUITests.xctest */;
			productType = "com.apple.product-type.bundle.ui-testing";
		};
/* End PBXNativeTarget section */

/* Begin PBXProject section */
		07A22DA12A326AB2004E1332 /* Project object */ = {
			isa = PBXProject;
			attributes = {
				BuildIndependentTargetsInParallel = 1;
				LastSwiftUpdateCheck = 1430;
				LastUpgradeCheck = 1430;
				TargetAttributes = {
					07A22DA82A326AB2004E1332 = {
						CreatedOnToolsVersion = 14.3.1;
					};
					07A22DBE2A326AB4004E1332 = {
						CreatedOnToolsVersion = 14.3.1;
						TestTargetID = 07A22DA82A326AB2004E1332;
					};
					07A22DC82A326AB4004E1332 = {
						CreatedOnToolsVersion = 14.3.1;
						TestTargetID = 07A22DA82A326AB2004E1332;
					};
				};
			};
			buildConfigurationList = 07A22DA42A326AB2004E1332 /* Build configuration list for PBXProject "Scrumdinger" */;
			compatibilityVersion = "Xcode 14.0";
			developmentRegion = en;
			hasScannedForEncodings = 0;
			knownRegions = (
				en,
				Base,
			);
			mainGroup = 07A22DA02A326AB2004E1332;
			productRefGroup = 07A22DAA2A326AB2004E1332 /* Products */;
			projectDirPath = "";
			projectRoot = "";
			targets = (
				07A22DA82A326AB2004E1332 /* Scrumdinger */,
				07A22DBE2A326AB4004E1332 /* ScrumdingerTests */,
				07A22DC82A326AB4004E1332 /* ScrumdingerUITests */,
			);
		};
/* End PBXProject section */

/* Begin PBXResourcesBuildPhase section */
		07A22DA72A326AB2004E1332 /* Resources */ = {
			isa = PBXResourcesBuildPhase;
			buildActionMask = 2147483647;
			files = (
				07A22DB42A326AB3004E1332 /* Preview Assets.xcassets in Resources */,
				07A22DB12A326AB3004E1332 /* Assets.xcassets in Resources */,
			);
			runOnlyForDeploymentPostprocessing = 0;
		};
		07A22DBD2A326AB4004E1332 /* Resources */ = {
			isa = PBXResourcesBuildPhase;
			buildActionMask = 2147483647;
			files = (
			);
			runOnlyForDeploymentPostprocessing = 0;
		};
		07A22DC72A326AB4004E1332 /* Resources */ = {
			isa = PBXResourcesBuildPhase;
			buildActionMask = 2147483647;
			files = (
			);
			runOnlyForDeploymentPostprocessing = 0;
		};
/* End PBXResourcesBuildPhase section */

/* Begin PBXSourcesBuildPhase section */
		07A22DA52A326AB2004E1332 /* Sources */ = {
			isa = PBXSourcesBuildPhase;
			buildActionMask = 2147483647;
			files = (
				07A22DB62A326AB3004E1332 /* Persistence.swift in Sources */,
				07A22DAF2A326AB2004E1332 /* ContentView.swift in Sources */,
				07A22DAD2A326AB2004E1332 /* ScrumdingerApp.swift in Sources */,
				07A22DB92A326AB3004E1332 /* Scrumdinger.xcdatamodeld in Sources */,
			);
			runOnlyForDeploymentPostprocessing = 0;
		};
		07A22DBB2A326AB4004E1332 /* Sources */ = {
			isa = PBXSourcesBuildPhase;
			buildActionMask = 2147483647;
			files = (
				07A22DC42A326AB4004E1332 /* ScrumdingerTests.swift in Sources */,
			);
			runOnlyForDeploymentPostprocessing = 0;
		};
		07A22DC52A326AB4004E1332 /* Sources */ = {
			isa = PBXSourcesBuildPhase;
			buildActionMask = 2147483647;
			files = (
				07A22DD02A326AB4004E1332 /* ScrumdingerUITestsLaunchTests.swift in Sources */,
				07A22DCE2A326AB4004E1332 /* ScrumdingerUITests.swift in Sources */,
			);
			runOnlyForDeploymentPostprocessing = 0;
		};
/* End PBXSourcesBuildPhase section */

/* Begin PBXTargetDependency section */
		07A22DC12A326AB4004E1332 /* PBXTargetDependency */ = {
			isa = PBXTargetDependency;
			target = 07A22DA82A326AB2004E1332 /* Scrumdinger */;
			targetProxy = 07A22DC02A326AB4004E1332 /* PBXContainerItemProxy */;
		};
		07A22DCB2A326AB4004E1332 /* PBXTargetDependency */ = {
			isa = PBXTargetDependency;
			target = 07A22DA82A326AB2004E1332 /* Scrumdinger */;
			targetProxy = 07A22DCA2A326AB4004E1332 /* PBXContainerItemProxy */;
		};
/* End PBXTargetDependency section */

/* Begin XCBuildConfiguration section */
		07A22DD12A326AB4004E1332 /* Debug */ = {
			isa = XCBuildConfiguration;
			buildSettings = {
				ALWAYS_SEARCH_USER_PATHS = NO;
				CLANG_ANALYZER_NONNULL = YES;
				CLANG_ANALYZER_NUMBER_OBJECT_CONVERSION = YES_AGGRESSIVE;
				CLANG_CXX_LANGUAGE_STANDARD = "gnu++20";
				CLANG_ENABLE_MODULES = YES;
				CLANG_ENABLE_OBJC_ARC = YES;
				CLANG_ENABLE_OBJC_WEAK = YES;
				CLANG_WARN_BLOCK_CAPTURE_AUTORELEASING = YES;
				CLANG_WARN_BOOL_CONVERSION = YES;
				CLANG_WARN_COMMA = YES;
				CLANG_WARN_CONSTANT_CONVERSION = YES;
				CLANG_WARN_DEPRECATED_OBJC_IMPLEMENTATIONS = YES;
				CLANG_WARN_DIRECT_OBJC_ISA_USAGE = YES_ERROR;
				CLANG_WARN_DOCUMENTATION_COMMENTS = YES;
				CLANG_WARN_EMPTY_BODY = YES;
				CLANG_WARN_ENUM_CONVERSION = YES;
				CLANG_WARN_INFINITE_RECURSION = YES;
				CLANG_WARN_INT_CONVERSION = YES;
				CLANG_WARN_NON_LITERAL_NULL_CONVERSION = YES;
				CLANG_WARN_OBJC_IMPLICIT_RETAIN_SELF = YES;
				CLANG_WARN_OBJC_LITERAL_CONVERSION = YES;
				CLANG_WARN_OBJC_ROOT_CLASS = YES_ERROR;
				CLANG_WARN_QUOTED_INCLUDE_IN_FRAMEWORK_HEADER = YES;
				CLANG_WARN_RANGE_LOOP_ANALYSIS = YES;
				CLANG_WARN_STRICT_PROTOTYPES = YES;
				CLANG_WARN_SUSPICIOUS_MOVE = YES;
				CLANG_WARN_UNGUARDED_AVAILABILITY = YES_AGGRESSIVE;
				CLANG_WARN_UNREACHABLE_CODE = YES;
				CLANG_WARN__DUPLICATE_METHOD_MATCH = YES;
				COPY_PHASE_STRIP = NO;
				DEBUG_INFORMATION_FORMAT = dwarf;
				ENABLE_STRICT_OBJC_MSGSEND = YES;
				ENABLE_TESTABILITY = YES;
				GCC_C_LANGUAGE_STANDARD = gnu11;
				GCC_DYNAMIC_NO_PIC = NO;
				GCC_NO_COMMON_BLOCKS = YES;
				GCC_OPTIMIZATION_LEVEL = 0;
				GCC_PREPROCESSOR_DEFINITIONS = (
					"DEBUG=1",
					"$(inherited)",
				);
				GCC_WARN_64_TO_32_BIT_CONVERSION = YES;
				GCC_WARN_ABOUT_RETURN_TYPE = YES_ERROR;
				GCC_WARN_UNDECLARED_SELECTOR = YES;
				GCC_WARN_UNINITIALIZED_AUTOS = YES_AGGRESSIVE;
				GCC_WARN_UNUSED_FUNCTION = YES;
				GCC_WARN_UNUSED_VARIABLE = YES;
				MACOSX_DEPLOYMENT_TARGET = 13.3;
				MTL_ENABLE_DEBUG_INFO = INCLUDE_SOURCE;
				MTL_FAST_MATH = YES;
				ONLY_ACTIVE_ARCH = YES;
				SDKROOT = macosx;
				SWIFT_ACTIVE_COMPILATION_CONDITIONS = DEBUG;
				SWIFT_OPTIMIZATION_LEVEL = "-Onone";
			};
			name = Debug;
		};
		07A22DD22A326AB4004E1332 /* Release */ = {
			isa = XCBuildConfiguration;
			buildSettings = {
				ALWAYS_SEARCH_USER_PATHS = NO;
				CLANG_ANALYZER_NONNULL = YES;
				CLANG_ANALYZER_NUMBER_OBJECT_CONVERSION = YES_AGGRESSIVE;
				CLANG_CXX_LANGUAGE_STANDARD = "gnu++20";
				CLANG_ENABLE_MODULES = YES;
				CLANG_ENABLE_OBJC_ARC = YES;
				CLANG_ENABLE_OBJC_WEAK = YES;
				CLANG_WARN_BLOCK_CAPTURE_AUTORELEASING = YES;
				CLANG_WARN_BOOL_CONVERSION = YES;
				CLANG_WARN_COMMA = YES;
				CLANG_WARN_CONSTANT_CONVERSION = YES;
				CLANG_WARN_DEPRECATED_OBJC_IMPLEMENTATIONS = YES;
				CLANG_WARN_DIRECT_OBJC_ISA_USAGE = YES_ERROR;
				CLANG_WARN_DOCUMENTATION_COMMENTS = YES;
				CLANG_WARN_EMPTY_BODY = YES;
				CLANG_WARN_ENUM_CONVERSION = YES;
				CLANG_WARN_INFINITE_RECURSION = YES;
				CLANG_WARN_INT_CONVERSION = YES;
				CLANG_WARN_NON_LITERAL_NULL_CONVERSION = YES;
				CLANG_WARN_OBJC_IMPLICIT_RETAIN_SELF = YES;
				CLANG_WARN_OBJC_LITERAL_CONVERSION = YES;
				CLANG_WARN_OBJC_ROOT_CLASS = YES_ERROR;
				CLANG_WARN_QUOTED_INCLUDE_IN_FRAMEWORK_HEADER = YES;
				CLANG_WARN_RANGE_LOOP_ANALYSIS = YES;
				CLANG_WARN_STRICT_PROTOTYPES = YES;
				CLANG_WARN_SUSPICIOUS_MOVE = YES;
				CLANG_WARN_UNGUARDED_AVAILABILITY = YES_AGGRESSIVE;
				CLANG_WARN_UNREACHABLE_CODE = YES;
				CLANG_WARN__DUPLICATE_METHOD_MATCH = YES;
				COPY_PHASE_STRIP = NO;
				DEBUG_INFORMATION_FORMAT = "dwarf-with-dsym";
				ENABLE_NS_ASSERTIONS = NO;
				ENABLE_STRICT_OBJC_MSGSEND = YES;
				GCC_C_LANGUAGE_STANDARD = gnu11;
				GCC_NO_COMMON_BLOCKS = YES;
				GCC_WARN_64_TO_32_BIT_CONVERSION = YES;
				GCC_WARN_ABOUT_RETURN_TYPE = YES_ERROR;
				GCC_WARN_UNDECLARED_SELECTOR = YES;
				GCC_WARN_UNINITIALIZED_AUTOS = YES_AGGRESSIVE;
				GCC_WARN_UNUSED_FUNCTION = YES;
				GCC_WARN_UNUSED_VARIABLE = YES;
				MACOSX_DEPLOYMENT_TARGET = 13.3;
				MTL_ENABLE_DEBUG_INFO = NO;
				MTL_FAST_MATH = YES;
				SDKROOT = macosx;
				SWIFT_COMPILATION_MODE = wholemodule;
				SWIFT_OPTIMIZATION_LEVEL = "-O";
			};
			name = Release;
		};
		07A22DD42A326AB4004E1332 /* Debug */ = {
			isa = XCBuildConfiguration;
			buildSettings = {
				ASSETCATALOG_COMPILER_APPICON_NAME = AppIcon;
				ASSETCATALOG_COMPILER_GLOBAL_ACCENT_COLOR_NAME = AccentColor;
				CODE_SIGN_ENTITLEMENTS = Scrumdinger/Scrumdinger.entitlements;
				CODE_SIGN_STYLE = Automatic;
				COMBINE_HIDPI_IMAGES = YES;
				CURRENT_PROJECT_VERSION = 1;
				DEVELOPMENT_ASSET_PATHS = "\"Scrumdinger/Preview Content\"";
				DEVELOPMENT_TEAM = RNB3VSD9P4;
				ENABLE_HARDENED_RUNTIME = YES;
				ENABLE_PREVIEWS = YES;
				GENERATE_INFOPLIST_FILE = YES;
				INFOPLIST_KEY_NSHumanReadableCopyright = "";
				LD_RUNPATH_SEARCH_PATHS = (
					"$(inherited)",
					"@executable_path/../Frameworks",
				);
				MARKETING_VERSION = 1.0;
				PRODUCT_BUNDLE_IDENTIFIER = com.agataporwit.Scrumdinger;
				PRODUCT_NAME = "$(TARGET_NAME)";
				SWIFT_EMIT_LOC_STRINGS = YES;
				SWIFT_VERSION = 5.0;
			};
			name = Debug;
		};
		07A22DD52A326AB4004E1332 /* Release */ = {
			isa = XCBuildConfiguration;
			buildSettings = {
				ASSETCATALOG_COMPILER_APPICON_NAME = AppIcon;
				ASSETCATALOG_COMPILER_GLOBAL_ACCENT_COLOR_NAME = AccentColor;
				CODE_SIGN_ENTITLEMENTS = Scrumdinger/Scrumdinger.entitlements;
				CODE_SIGN_STYLE = Automatic;
				COMBINE_HIDPI_IMAGES = YES;
				CURRENT_PROJECT_VERSION = 1;
				DEVELOPMENT_ASSET_PATHS = "\"Scrumdinger/Preview Content\"";
				DEVELOPMENT_TEAM = RNB3VSD9P4;
				ENABLE_HARDENED_RUNTIME = YES;
				ENABLE_PREVIEWS = YES;
				GENERATE_INFOPLIST_FILE = YES;
				INFOPLIST_KEY_NSHumanReadableCopyright = "";
				LD_RUNPATH_SEARCH_PATHS = (
					"$(inherited)",
					"@executable_path/../Frameworks",
				);
				MARKETING_VERSION = 1.0;
				PRODUCT_BUNDLE_IDENTIFIER = com.agataporwit.Scrumdinger;
				PRODUCT_NAME = "$(TARGET_NAME)";
				SWIFT_EMIT_LOC_STRINGS = YES;
				SWIFT_VERSION = 5.0;
			};
			name = Release;
		};
		07A22DD72A326AB4004E1332 /* Debug */ = {
			isa = XCBuildConfiguration;
			buildSettings = {
				ALWAYS_EMBED_SWIFT_STANDARD_LIBRARIES = YES;
				BUNDLE_LOADER = "$(TEST_HOST)";
				CODE_SIGN_STYLE = Automatic;
				CURRENT_PROJECT_VERSION = 1;
				DEVELOPMENT_TEAM = RNB3VSD9P4;
				GENERATE_INFOPLIST_FILE = YES;
				MACOSX_DEPLOYMENT_TARGET = 13.3;
				MARKETING_VERSION = 1.0;
				PRODUCT_BUNDLE_IDENTIFIER = com.agataporwit.ScrumdingerTests;
				PRODUCT_NAME = "$(TARGET_NAME)";
				SWIFT_EMIT_LOC_STRINGS = NO;
				SWIFT_VERSION = 5.0;
				TEST_HOST = "$(BUILT_PRODUCTS_DIR)/Scrumdinger.app/$(BUNDLE_EXECUTABLE_FOLDER_PATH)/Scrumdinger";
			};
			name = Debug;
		};
		07A22DD82A326AB4004E1332 /* Release */ = {
			isa = XCBuildConfiguration;
			buildSettings = {
				ALWAYS_EMBED_SWIFT_STANDARD_LIBRARIES = YES;
				BUNDLE_LOADER = "$(TEST_HOST)";
				CODE_SIGN_STYLE = Automatic;
				CURRENT_PROJECT_VERSION = 1;
				DEVELOPMENT_TEAM = RNB3VSD9P4;
				GENERATE_INFOPLIST_FILE = YES;
				MACOSX_DEPLOYMENT_TARGET = 13.3;
				MARKETING_VERSION = 1.0;
				PRODUCT_BUNDLE_IDENTIFIER = com.agataporwit.ScrumdingerTests;
				PRODUCT_NAME = "$(TARGET_NAME)";
				SWIFT_EMIT_LOC_STRINGS = NO;
				SWIFT_VERSION = 5.0;
				TEST_HOST = "$(BUILT_PRODUCTS_DIR)/Scrumdinger.app/$(BUNDLE_EXECUTABLE_FOLDER_PATH)/Scrumdinger";
			};
			name = Release;
		};
		07A22DDA2A326AB4004E1332 /* Debug */ = {
			isa = XCBuildConfiguration;
			buildSettings = {
				ALWAYS_EMBED_SWIFT_STANDARD_LIBRARIES = YES;
				CODE_SIGN_STYLE = Automatic;
				CURRENT_PROJECT_VERSION = 1;
				DEVELOPMENT_TEAM = RNB3VSD9P4;
				GENERATE_INFOPLIST_FILE = YES;
				MARKETING_VERSION = 1.0;
				PRODUCT_BUNDLE_IDENTIFIER = com.agataporwit.ScrumdingerUITests;
				PRODUCT_NAME = "$(TARGET_NAME)";
				SWIFT_EMIT_LOC_STRINGS = NO;
				SWIFT_VERSION = 5.0;
				TEST_TARGET_NAME = Scrumdinger;
			};
			name = Debug;
		};
		07A22DDB2A326AB4004E1332 /* Release */ = {
			isa = XCBuildConfiguration;
			buildSettings = {
				ALWAYS_EMBED_SWIFT_STANDARD_LIBRARIES = YES;
				CODE_SIGN_STYLE = Automatic;
				CURRENT_PROJECT_VERSION = 1;
				DEVELOPMENT_TEAM = RNB3VSD9P4;
				GENERATE_INFOPLIST_FILE = YES;
				MARKETING_VERSION = 1.0;
				PRODUCT_BUNDLE_IDENTIFIER = com.agataporwit.ScrumdingerUITests;
				PRODUCT_NAME = "$(TARGET_NAME)";
				SWIFT_EMIT_LOC_STRINGS = NO;
				SWIFT_VERSION = 5.0;
				TEST_TARGET_NAME = Scrumdinger;
			};
			name = Release;
		};
/* End XCBuildConfiguration section */

/* Begin XCConfigurationList section */
		07A22DA42A326AB2004E1332 /* Build configuration list for PBXProject "Scrumdinger" */ = {
			isa = XCConfigurationList;
			buildConfigurations = (
				07A22DD12A326AB4004E1332 /* Debug */,
				07A22DD22A326AB4004E1332 /* Release */,
			);
			defaultConfigurationIsVisible = 0;
			defaultConfigurationName = Release;
		};
		07A22DD32A326AB4004E1332 /* Build configuration list for PBXNativeTarget "Scrumdinger" */ = {
			isa = XCConfigurationList;
			buildConfigurations = (
				07A22DD42A326AB4004E1332 /* Debug */,
				07A22DD52A326AB4004E1332 /* Release */,
			);
			defaultConfigurationIsVisible = 0;
			defaultConfigurationName = Release;
		};
		07A22DD62A326AB4004E1332 /* Build configuration list for PBXNativeTarget "ScrumdingerTests" */ = {
			isa = XCConfigurationList;
			buildConfigurations = (
				07A22DD72A326AB4004E1332 /* Debug */,
				07A22DD82A326AB4004E1332 /* Release */,
			);
			defaultConfigurationIsVisible = 0;
			defaultConfigurationName = Release;
		};
		07A22DD92A326AB4004E1332 /* Build configuration list for PBXNativeTarget "ScrumdingerUITests" */ = {
			isa = XCConfigurationList;
			buildConfigurations = (
				07A22DDA2A326AB4004E1332 /* Debug */,
				07A22DDB2A326AB4004E1332 /* Release */,
			);
			defaultConfigurationIsVisible = 0;
			defaultConfigurationName = Release;
		};
/* End XCConfigurationList section */

/* Begin XCVersionGroup section */
		07A22DB72A326AB3004E1332 /* Scrumdinger.xcdatamodeld */ = {
			isa = XCVersionGroup;
			children = (
				07A22DB82A326AB3004E1332 /* Scrumdinger.xcdatamodel */,
			);
			currentVersion = 07A22DB82A326AB3004E1332 /* Scrumdinger.xcdatamodel */;
			path = Scrumdinger.xcdatamodeld;
			sourceTree = "<group>";
			versionGroupType = wrapper.xcdatamodel;
		};
/* End XCVersionGroup section */
	};
	rootObject = 07A22DA12A326AB2004E1332 /* Project object */;
}
